
Microsoft Visual Studio Solution File, Format Version 12.00
# Visual Studio Version 17
VisualStudioVersion = 17.9.34728.123
MinimumVisualStudioVersion = 10.0.40219.1
Project("{FAE04EC0-301F-11D3-BF4B-00C04F79EFBC}") = "Week 3", "Week 3\Week 3.csproj", "{88A5DE38-E079-4CF7-9463-C4E7734BD169}"
EndProject
Project("{FAE04EC0-301F-11D3-BF4B-00C04F79EFBC}") = "Modulus", "Modulus\Modulus.csproj", "{C0E9AEBD-871B-4990-8CA6-CAB5AE901A10}"
EndProject
Project("{FAE04EC0-301F-11D3-BF4B-00C04F79EFBC}") = "Oddoreven", "Oddoreven\Oddoreven.csproj", "{20001B6B-3D89-400C-9E55-35582A281F6C}"
EndProject
Project("{FAE04EC0-301F-11D3-BF4B-00C04F79EFBC}") = "Swtichdayoftheweek", "Swtichdayoftheweek\Swtichdayoftheweek.csproj", "{510B519A-8992-497C-BC2A-9DD1A10C9D50}"
EndProject
Global
	GlobalSection(SolutionConfigurationPlatforms) = preSolution
		Debug|Any CPU = Debug|Any CPU
		Release|Any CPU = Release|Any CPU
	EndGlobalSection
	GlobalSection(ProjectConfigurationPlatforms) = postSolution
		{88A5DE38-E079-4CF7-9463-C4E7734BD169}.Debug|Any CPU.ActiveCfg = Debug|Any CPU
		{88A5DE38-E079-4CF7-9463-C4E7734BD169}.Debug|Any CPU.Build.0 = Debug|Any CPU
		{88A5DE38-E079-4CF7-9463-C4E7734BD169}.Release|Any CPU.ActiveCfg = Release|Any CPU
		{88A5DE38-E079-4CF7-9463-C4E7734BD169}.Release|Any CPU.Build.0 = Release|Any CPU
		{C0E9AEBD-871B-4990-8CA6-CAB5AE901A10}.Debug|Any CPU.ActiveCfg = Debug|Any CPU
		{C0E9AEBD-871B-4990-8CA6-CAB5AE901A10}.Debug|Any CPU.Build.0 = Debug|Any CPU
		{C0E9AEBD-871B-4990-8CA6-CAB5AE901A10}.Release|Any CPU.ActiveCfg = Release|Any CPU
		{C0E9AEBD-871B-4990-8CA6-CAB5AE901A10}.Release|Any CPU.Build.0 = Release|Any CPU
		{20001B6B-3D89-400C-9E55-35582A281F6C}.Debug|Any CPU.ActiveCfg = Debug|Any CPU
		{20001B6B-3D89-400C-9E55-35582A281F6C}.Debug|Any CPU.Build.0 = Debug|Any CPU
		{20001B6B-3D89-400C-9E55-35582A281F6C}.Release|Any CPU.ActiveCfg = Release|Any CPU
		{20001B6B-3D89-400C-9E55-35582A281F6C}.Release|Any CPU.Build.0 = Release|Any CPU
		{510B519A-8992-497C-BC2A-9DD1A10C9D50}.Debug|Any CPU.ActiveCfg = Debug|Any CPU
		{510B519A-8992-497C-BC2A-9DD1A10C9D50}.Debug|Any CPU.Build.0 = Debug|Any CPU
		{510B519A-8992-497C-BC2A-9DD1A10C9D50}.Release|Any CPU.ActiveCfg = Release|Any CPU
		{510B519A-8992-497C-BC2A-9DD1A10C9D50}.Release|Any CPU.Build.0 = Release|Any CPU
	EndGlobalSection
	GlobalSection(SolutionProperties) = preSolution
		HideSolutionNode = FALSE
	EndGlobalSection
	GlobalSection(ExtensibilityGlobals) = postSolution
		SolutionGuid = {21DE9FE4-71E5-4251-85F9-CBE4E1C76DAE}
	EndGlobalSection
EndGlobal
